# This file was autogenerated by Stack.
# You should not edit this file by hand.
# For more information, please see the documentation at:
#   https://docs.haskellstack.org/en/stable/lock_files

packages:
- completed:
    hackage: parsec-3.1.17.0@sha256:8407cbd428d7f640a0fff8891bd2f7aca13cebe70a5e654856f8abec9a648b56,5149
    pantry-tree:
      sha256: 0922d72bd7115bbb590757bd92a827021dfe745ed6c0cd22856f767bee83d91f
      size: 2810
  original:
    hackage: parsec-3.1.17.0
- completed:
    hackage: stylish-haskell-0.14.6.0@sha256:00cf494e091219ad9c27ed425336737f53558f8011676b588f10085c345e7ed6,4552
    pantry-tree:
      sha256: 2d46ed4ad4425038896566b849a1ccf5056e521bddfb6891d5608d6c42f49ebf
      size: 3891
  original:
    hackage: stylish-haskell-0.14.6.0
- completed:
    hackage: hlint-3.8@sha256:c12a46452e85fc74fb7b0e25aa7653256716f5dc2f8168385b69c79c763d4a0d,4455
    pantry-tree:
      sha256: 2ea03fbf224056512452a896f811ac80ee9960cdb0a370fa3edb37dc81e8cb36
      size: 6224
  original:
    hackage: hlint-3.8
snapshots:
- completed:
    sha256: 28a863b358647f2d952fe7085ba11561aeb63eca6bc6fd1ce8fcf1cfe63717f5
    size: 719127
    url: https://raw.githubusercontent.com/commercialhaskell/stackage-snapshots/master/lts/22/24.yaml
  original:
    url: https://raw.githubusercontent.com/commercialhaskell/stackage-snapshots/master/lts/22/24.yaml
